{
  "name": "myapp",
  "version": "1.0.0",
  "lockfileVersion": 2,
  "requires": true,
  "packages": {
    "": {
      "name": "myapp",
      "version": "1.0.0"
    }
  },
  "dependencies": {
    "react": {
      "version": "18.2.0",
      "resolved": "https://registry.npmjs.org/react/-/react-18.2.0.tgz",
      "integrity": "sha512-PLACEHOLDER",
      "dev": false
    },
    "react-native": {
      "version": "0.72.6",
      "resolved": "https://registry.npmjs.org/react-native/-/react-native-0.72.6.tgz",
      "integrity": "sha512-PLACEHOLDER",
      "dev": false
    }
  }
}
